
Microsoft Visual Studio Solution File, Format Version 12.00
Project("{FAE04EC0-301F-11D3-BF4B-00C04F79EFBC}") = "MovieRecApp.Client", "MovieRecApp.Client\MovieRecApp.Client.csproj", "{E2C8396E-9926-4EA6-AFA6-03A2F61EB0E1}"
EndProject
Project("{FAE04EC0-301F-11D3-BF4B-00C04F79EFBC}") = "MovieRecApp.Server", "MovieRecApp.Server\MovieRecApp.Server.csproj", "{6CCF4F04-B385-44C2-A521-F078C0BD4035}"
EndProject
Project("{FAE04EC0-301F-11D3-BF4B-00C04F79EFBC}") = "MovieRecApp.Shared", "MovieRecApp.Shared\MovieRecApp.Shared.csproj", "{7681DF23-527A-496F-B328-F29AD9366B18}"
EndProject
Project("{2150E333-8FDC-42A3-9474-1A3956D46DE8}") = "Solution Items", "Solution Items", "{634183CF-726E-4694-A4A7-618AC380F1FC}"
	ProjectSection(SolutionItems) = preProject
		compose.yaml = compose.yaml
	EndProjectSection
EndProject
Global
	GlobalSection(SolutionConfigurationPlatforms) = preSolution
		Debug|Any CPU = Debug|Any CPU
		Release|Any CPU = Release|Any CPU
	EndGlobalSection
	GlobalSection(ProjectConfigurationPlatforms) = postSolution
		{E2C8396E-9926-4EA6-AFA6-03A2F61EB0E1}.Debug|Any CPU.ActiveCfg = Debug|Any CPU
		{E2C8396E-9926-4EA6-AFA6-03A2F61EB0E1}.Debug|Any CPU.Build.0 = Debug|Any CPU
		{E2C8396E-9926-4EA6-AFA6-03A2F61EB0E1}.Release|Any CPU.ActiveCfg = Release|Any CPU
		{E2C8396E-9926-4EA6-AFA6-03A2F61EB0E1}.Release|Any CPU.Build.0 = Release|Any CPU
		{6CCF4F04-B385-44C2-A521-F078C0BD4035}.Debug|Any CPU.ActiveCfg = Debug|Any CPU
		{6CCF4F04-B385-44C2-A521-F078C0BD4035}.Debug|Any CPU.Build.0 = Debug|Any CPU
		{6CCF4F04-B385-44C2-A521-F078C0BD4035}.Release|Any CPU.ActiveCfg = Release|Any CPU
		{6CCF4F04-B385-44C2-A521-F078C0BD4035}.Release|Any CPU.Build.0 = Release|Any CPU
		{7681DF23-527A-496F-B328-F29AD9366B18}.Debug|Any CPU.ActiveCfg = Debug|Any CPU
		{7681DF23-527A-496F-B328-F29AD9366B18}.Debug|Any CPU.Build.0 = Debug|Any CPU
		{7681DF23-527A-496F-B328-F29AD9366B18}.Release|Any CPU.ActiveCfg = Release|Any CPU
		{7681DF23-527A-496F-B328-F29AD9366B18}.Release|Any CPU.Build.0 = Release|Any CPU
	EndGlobalSection
EndGlobal
