
Microsoft Visual Studio Solution File, Format Version 12.00
Project("{FAE04EC0-301F-11D3-BF4B-00C04F79EFBC}") = "MovieRecApp", "MovieRecApp.csproj", "{E2C8396E-9926-4EA6-AFA6-03A2F61EB0E1}"
EndProject
Global
	GlobalSection(SolutionConfigurationPlatforms) = preSolution
		Debug|Any CPU = Debug|Any CPU
		Release|Any CPU = Release|Any CPU
	EndGlobalSection
	GlobalSection(ProjectConfigurationPlatforms) = postSolution
		{E2C8396E-9926-4EA6-AFA6-03A2F61EB0E1}.Debug|Any CPU.ActiveCfg = Debug|Any CPU
		{E2C8396E-9926-4EA6-AFA6-03A2F61EB0E1}.Debug|Any CPU.Build.0 = Debug|Any CPU
		{E2C8396E-9926-4EA6-AFA6-03A2F61EB0E1}.Release|Any CPU.ActiveCfg = Release|Any CPU
		{E2C8396E-9926-4EA6-AFA6-03A2F61EB0E1}.Release|Any CPU.Build.0 = Release|Any CPU
	EndGlobalSection
EndGlobal
